
Microsoft Visual Studio Solution File, Format Version 12.00
# Visual Studio Version 17
VisualStudioVersion = 17.9.34728.123
MinimumVisualStudioVersion = 10.0.40219.1
Project("{FAE04EC0-301F-11D3-BF4B-00C04F79EFBC}") = "DemoApplicationWeb", "DemoApplicationWeb\DemoApplicationWeb.csproj", "{3998E9AA-307C-4D24-A8EB-098E7DAC118F}"
EndProject
Global
	GlobalSection(SolutionConfigurationPlatforms) = preSolution
		Debug|Any CPU = Debug|Any CPU
		Release|Any CPU = Release|Any CPU
	EndGlobalSection
	GlobalSection(ProjectConfigurationPlatforms) = postSolution
		{3998E9AA-307C-4D24-A8EB-098E7DAC118F}.Debug|Any CPU.ActiveCfg = Debug|Any CPU
		{3998E9AA-307C-4D24-A8EB-098E7DAC118F}.Debug|Any CPU.Build.0 = Debug|Any CPU
		{3998E9AA-307C-4D24-A8EB-098E7DAC118F}.Release|Any CPU.ActiveCfg = Release|Any CPU
		{3998E9AA-307C-4D24-A8EB-098E7DAC118F}.Release|Any CPU.Build.0 = Release|Any CPU
	EndGlobalSection
	GlobalSection(SolutionProperties) = preSolution
		HideSolutionNode = FALSE
	EndGlobalSection
	GlobalSection(ExtensibilityGlobals) = postSolution
		SolutionGuid = {3E915949-6D0E-4B0A-90DD-CFA926390054}
	EndGlobalSection
EndGlobal
